
Microsoft Visual Studio Solution File, Format Version 12.00
# Visual Studio Version 17
VisualStudioVersion = 17.0.31903.59
MinimumVisualStudioVersion = 10.0.40219.1
Project("{2150E333-8FDC-42A3-9474-1A3956D46DE8}") = "test-control-apps", "test-control-apps", "{758318C2-9E29-4956-F195-F7D9D03ECE3F}"
EndProject
Project("{FAE04EC0-301F-11D3-BF4B-00C04F79EFBC}") = "TestControl.Cli", "test-control-apps\TestControl.Cli\TestControl.Cli.csproj", "{4B4EC2E0-335A-4F20-95B9-DB33F1AC7E15}"
EndProject
Project("{2150E333-8FDC-42A3-9474-1A3956D46DE8}") = "test-control-libs", "test-control-libs", "{F8910C08-19BA-4D10-1FC8-00788CA42873}"
EndProject
Project("{FAE04EC0-301F-11D3-BF4B-00C04F79EFBC}") = "TestControl.AppServices", "test-control-libs\TestControl.AppServices\TestControl.AppServices.csproj", "{65C3345A-6AE9-40C4-8D5A-407BFD4B30DB}"
EndProject
Project("{FAE04EC0-301F-11D3-BF4B-00C04F79EFBC}") = "TestControl.Infrastructure", "test-control-libs\TestControl.Infrastructure\TestControl.Infrastructure.csproj", "{A82C4469-4846-4F01-9383-1DFFE59E8895}"
EndProject
Project("{FAE04EC0-301F-11D3-BF4B-00C04F79EFBC}") = "TestControl.Infrastructure.Tests", "test-control-libs\TestControl.Infrastructure.Tests\TestControl.Infrastructure.Tests.csproj", "{FC4C7362-37AB-4AE2-B79D-D08CEA515BED}"
EndProject
Project("{2150E333-8FDC-42A3-9474-1A3956D46DE8}") = "test-subjects", "test-subjects", "{30C29A91-99AA-0D6C-C94F-ED794BB2D0D2}"
EndProject
Project("{2150E333-8FDC-42A3-9474-1A3956D46DE8}") = "test-alpha", "test-alpha", "{6D91FE7B-2486-B764-563F-EFF227836FCC}"
EndProject
Project("{FAE04EC0-301F-11D3-BF4B-00C04F79EFBC}") = "Alpha.Common", "test-subjects\test-alpha\Alpha.Common\Alpha.Common.csproj", "{FF857EB5-A5E7-4A7E-ADA6-72BE49966247}"
EndProject
Project("{FAE04EC0-301F-11D3-BF4B-00C04F79EFBC}") = "Alpha.Core", "test-subjects\test-alpha\Alpha.Core\Alpha.Core.csproj", "{1638364C-BF39-46F7-91A1-04DFDB7022B9}"
EndProject
Project("{FAE04EC0-301F-11D3-BF4B-00C04F79EFBC}") = "Alpha.Repositories", "test-subjects\test-alpha\Alpha.Repositories\Alpha.Repositories.csproj", "{DB163BD3-5AFC-4DEE-920D-6A44E3B37918}"
EndProject
Project("{FAE04EC0-301F-11D3-BF4B-00C04F79EFBC}") = "Test.Alpha", "test-subjects\test-alpha\Test.Alpha\Test.Alpha.csproj", "{D3590783-9E9A-43DA-BC4E-062E0924F30C}"
EndProject
Project("{FAE04EC0-301F-11D3-BF4B-00C04F79EFBC}") = "Test.Alpha.IntegrationTests", "test-subjects\test-alpha\Test.Alpha.IntegrationTests\Test.Alpha.IntegrationTests.csproj", "{4A6AD432-5C18-44A6-922D-A8225A01DA33}"
EndProject
Global
	GlobalSection(SolutionConfigurationPlatforms) = preSolution
		Debug|Any CPU = Debug|Any CPU
		Debug|x64 = Debug|x64
		Debug|x86 = Debug|x86
		Release|Any CPU = Release|Any CPU
		Release|x64 = Release|x64
		Release|x86 = Release|x86
	EndGlobalSection
	GlobalSection(ProjectConfigurationPlatforms) = postSolution
		{4B4EC2E0-335A-4F20-95B9-DB33F1AC7E15}.Debug|Any CPU.ActiveCfg = Debug|Any CPU
		{4B4EC2E0-335A-4F20-95B9-DB33F1AC7E15}.Debug|Any CPU.Build.0 = Debug|Any CPU
		{4B4EC2E0-335A-4F20-95B9-DB33F1AC7E15}.Debug|x64.ActiveCfg = Debug|Any CPU
		{4B4EC2E0-335A-4F20-95B9-DB33F1AC7E15}.Debug|x64.Build.0 = Debug|Any CPU
		{4B4EC2E0-335A-4F20-95B9-DB33F1AC7E15}.Debug|x86.ActiveCfg = Debug|Any CPU
		{4B4EC2E0-335A-4F20-95B9-DB33F1AC7E15}.Debug|x86.Build.0 = Debug|Any CPU
		{4B4EC2E0-335A-4F20-95B9-DB33F1AC7E15}.Release|Any CPU.ActiveCfg = Release|Any CPU
		{4B4EC2E0-335A-4F20-95B9-DB33F1AC7E15}.Release|Any CPU.Build.0 = Release|Any CPU
		{4B4EC2E0-335A-4F20-95B9-DB33F1AC7E15}.Release|x64.ActiveCfg = Release|Any CPU
		{4B4EC2E0-335A-4F20-95B9-DB33F1AC7E15}.Release|x64.Build.0 = Release|Any CPU
		{4B4EC2E0-335A-4F20-95B9-DB33F1AC7E15}.Release|x86.ActiveCfg = Release|Any CPU
		{4B4EC2E0-335A-4F20-95B9-DB33F1AC7E15}.Release|x86.Build.0 = Release|Any CPU
		{65C3345A-6AE9-40C4-8D5A-407BFD4B30DB}.Debug|Any CPU.ActiveCfg = Debug|Any CPU
		{65C3345A-6AE9-40C4-8D5A-407BFD4B30DB}.Debug|Any CPU.Build.0 = Debug|Any CPU
		{65C3345A-6AE9-40C4-8D5A-407BFD4B30DB}.Debug|x64.ActiveCfg = Debug|Any CPU
		{65C3345A-6AE9-40C4-8D5A-407BFD4B30DB}.Debug|x64.Build.0 = Debug|Any CPU
		{65C3345A-6AE9-40C4-8D5A-407BFD4B30DB}.Debug|x86.ActiveCfg = Debug|Any CPU
		{65C3345A-6AE9-40C4-8D5A-407BFD4B30DB}.Debug|x86.Build.0 = Debug|Any CPU
		{65C3345A-6AE9-40C4-8D5A-407BFD4B30DB}.Release|Any CPU.ActiveCfg = Release|Any CPU
		{65C3345A-6AE9-40C4-8D5A-407BFD4B30DB}.Release|Any CPU.Build.0 = Release|Any CPU
		{65C3345A-6AE9-40C4-8D5A-407BFD4B30DB}.Release|x64.ActiveCfg = Release|Any CPU
		{65C3345A-6AE9-40C4-8D5A-407BFD4B30DB}.Release|x64.Build.0 = Release|Any CPU
		{65C3345A-6AE9-40C4-8D5A-407BFD4B30DB}.Release|x86.ActiveCfg = Release|Any CPU
		{65C3345A-6AE9-40C4-8D5A-407BFD4B30DB}.Release|x86.Build.0 = Release|Any CPU
		{A82C4469-4846-4F01-9383-1DFFE59E8895}.Debug|Any CPU.ActiveCfg = Debug|Any CPU
		{A82C4469-4846-4F01-9383-1DFFE59E8895}.Debug|Any CPU.Build.0 = Debug|Any CPU
		{A82C4469-4846-4F01-9383-1DFFE59E8895}.Debug|x64.ActiveCfg = Debug|Any CPU
		{A82C4469-4846-4F01-9383-1DFFE59E8895}.Debug|x64.Build.0 = Debug|Any CPU
		{A82C4469-4846-4F01-9383-1DFFE59E8895}.Debug|x86.ActiveCfg = Debug|Any CPU
		{A82C4469-4846-4F01-9383-1DFFE59E8895}.Debug|x86.Build.0 = Debug|Any CPU
		{A82C4469-4846-4F01-9383-1DFFE59E8895}.Release|Any CPU.ActiveCfg = Release|Any CPU
		{A82C4469-4846-4F01-9383-1DFFE59E8895}.Release|Any CPU.Build.0 = Release|Any CPU
		{A82C4469-4846-4F01-9383-1DFFE59E8895}.Release|x64.ActiveCfg = Release|Any CPU
		{A82C4469-4846-4F01-9383-1DFFE59E8895}.Release|x64.Build.0 = Release|Any CPU
		{A82C4469-4846-4F01-9383-1DFFE59E8895}.Release|x86.ActiveCfg = Release|Any CPU
		{A82C4469-4846-4F01-9383-1DFFE59E8895}.Release|x86.Build.0 = Release|Any CPU
		{FC4C7362-37AB-4AE2-B79D-D08CEA515BED}.Debug|Any CPU.ActiveCfg = Debug|Any CPU
		{FC4C7362-37AB-4AE2-B79D-D08CEA515BED}.Debug|Any CPU.Build.0 = Debug|Any CPU
		{FC4C7362-37AB-4AE2-B79D-D08CEA515BED}.Debug|x64.ActiveCfg = Debug|Any CPU
		{FC4C7362-37AB-4AE2-B79D-D08CEA515BED}.Debug|x64.Build.0 = Debug|Any CPU
		{FC4C7362-37AB-4AE2-B79D-D08CEA515BED}.Debug|x86.ActiveCfg = Debug|Any CPU
		{FC4C7362-37AB-4AE2-B79D-D08CEA515BED}.Debug|x86.Build.0 = Debug|Any CPU
		{FC4C7362-37AB-4AE2-B79D-D08CEA515BED}.Release|Any CPU.ActiveCfg = Release|Any CPU
		{FC4C7362-37AB-4AE2-B79D-D08CEA515BED}.Release|Any CPU.Build.0 = Release|Any CPU
		{FC4C7362-37AB-4AE2-B79D-D08CEA515BED}.Release|x64.ActiveCfg = Release|Any CPU
		{FC4C7362-37AB-4AE2-B79D-D08CEA515BED}.Release|x64.Build.0 = Release|Any CPU
		{FC4C7362-37AB-4AE2-B79D-D08CEA515BED}.Release|x86.ActiveCfg = Release|Any CPU
		{FC4C7362-37AB-4AE2-B79D-D08CEA515BED}.Release|x86.Build.0 = Release|Any CPU
		{FF857EB5-A5E7-4A7E-ADA6-72BE49966247}.Debug|Any CPU.ActiveCfg = Debug|Any CPU
		{FF857EB5-A5E7-4A7E-ADA6-72BE49966247}.Debug|Any CPU.Build.0 = Debug|Any CPU
		{FF857EB5-A5E7-4A7E-ADA6-72BE49966247}.Debug|x64.ActiveCfg = Debug|Any CPU
		{FF857EB5-A5E7-4A7E-ADA6-72BE49966247}.Debug|x64.Build.0 = Debug|Any CPU
		{FF857EB5-A5E7-4A7E-ADA6-72BE49966247}.Debug|x86.ActiveCfg = Debug|Any CPU
		{FF857EB5-A5E7-4A7E-ADA6-72BE49966247}.Debug|x86.Build.0 = Debug|Any CPU
		{FF857EB5-A5E7-4A7E-ADA6-72BE49966247}.Release|Any CPU.ActiveCfg = Release|Any CPU
		{FF857EB5-A5E7-4A7E-ADA6-72BE49966247}.Release|Any CPU.Build.0 = Release|Any CPU
		{FF857EB5-A5E7-4A7E-ADA6-72BE49966247}.Release|x64.ActiveCfg = Release|Any CPU
		{FF857EB5-A5E7-4A7E-ADA6-72BE49966247}.Release|x64.Build.0 = Release|Any CPU
		{FF857EB5-A5E7-4A7E-ADA6-72BE49966247}.Release|x86.ActiveCfg = Release|Any CPU
		{FF857EB5-A5E7-4A7E-ADA6-72BE49966247}.Release|x86.Build.0 = Release|Any CPU
		{1638364C-BF39-46F7-91A1-04DFDB7022B9}.Debug|Any CPU.ActiveCfg = Debug|Any CPU
		{1638364C-BF39-46F7-91A1-04DFDB7022B9}.Debug|Any CPU.Build.0 = Debug|Any CPU
		{1638364C-BF39-46F7-91A1-04DFDB7022B9}.Debug|x64.ActiveCfg = Debug|Any CPU
		{1638364C-BF39-46F7-91A1-04DFDB7022B9}.Debug|x64.Build.0 = Debug|Any CPU
		{1638364C-BF39-46F7-91A1-04DFDB7022B9}.Debug|x86.ActiveCfg = Debug|Any CPU
		{1638364C-BF39-46F7-91A1-04DFDB7022B9}.Debug|x86.Build.0 = Debug|Any CPU
		{1638364C-BF39-46F7-91A1-04DFDB7022B9}.Release|Any CPU.ActiveCfg = Release|Any CPU
		{1638364C-BF39-46F7-91A1-04DFDB7022B9}.Release|Any CPU.Build.0 = Release|Any CPU
		{1638364C-BF39-46F7-91A1-04DFDB7022B9}.Release|x64.ActiveCfg = Release|Any CPU
		{1638364C-BF39-46F7-91A1-04DFDB7022B9}.Release|x64.Build.0 = Release|Any CPU
		{1638364C-BF39-46F7-91A1-04DFDB7022B9}.Release|x86.ActiveCfg = Release|Any CPU
		{1638364C-BF39-46F7-91A1-04DFDB7022B9}.Release|x86.Build.0 = Release|Any CPU
		{DB163BD3-5AFC-4DEE-920D-6A44E3B37918}.Debug|Any CPU.ActiveCfg = Debug|Any CPU
		{DB163BD3-5AFC-4DEE-920D-6A44E3B37918}.Debug|Any CPU.Build.0 = Debug|Any CPU
		{DB163BD3-5AFC-4DEE-920D-6A44E3B37918}.Debug|x64.ActiveCfg = Debug|Any CPU
		{DB163BD3-5AFC-4DEE-920D-6A44E3B37918}.Debug|x64.Build.0 = Debug|Any CPU
		{DB163BD3-5AFC-4DEE-920D-6A44E3B37918}.Debug|x86.ActiveCfg = Debug|Any CPU
		{DB163BD3-5AFC-4DEE-920D-6A44E3B37918}.Debug|x86.Build.0 = Debug|Any CPU
		{DB163BD3-5AFC-4DEE-920D-6A44E3B37918}.Release|Any CPU.ActiveCfg = Release|Any CPU
		{DB163BD3-5AFC-4DEE-920D-6A44E3B37918}.Release|Any CPU.Build.0 = Release|Any CPU
		{DB163BD3-5AFC-4DEE-920D-6A44E3B37918}.Release|x64.ActiveCfg = Release|Any CPU
		{DB163BD3-5AFC-4DEE-920D-6A44E3B37918}.Release|x64.Build.0 = Release|Any CPU
		{DB163BD3-5AFC-4DEE-920D-6A44E3B37918}.Release|x86.ActiveCfg = Release|Any CPU
		{DB163BD3-5AFC-4DEE-920D-6A44E3B37918}.Release|x86.Build.0 = Release|Any CPU
		{D3590783-9E9A-43DA-BC4E-062E0924F30C}.Debug|Any CPU.ActiveCfg = Debug|Any CPU
		{D3590783-9E9A-43DA-BC4E-062E0924F30C}.Debug|Any CPU.Build.0 = Debug|Any CPU
		{D3590783-9E9A-43DA-BC4E-062E0924F30C}.Debug|x64.ActiveCfg = Debug|Any CPU
		{D3590783-9E9A-43DA-BC4E-062E0924F30C}.Debug|x64.Build.0 = Debug|Any CPU
		{D3590783-9E9A-43DA-BC4E-062E0924F30C}.Debug|x86.ActiveCfg = Debug|Any CPU
		{D3590783-9E9A-43DA-BC4E-062E0924F30C}.Debug|x86.Build.0 = Debug|Any CPU
		{D3590783-9E9A-43DA-BC4E-062E0924F30C}.Release|Any CPU.ActiveCfg = Release|Any CPU
		{D3590783-9E9A-43DA-BC4E-062E0924F30C}.Release|Any CPU.Build.0 = Release|Any CPU
		{D3590783-9E9A-43DA-BC4E-062E0924F30C}.Release|x64.ActiveCfg = Release|Any CPU
		{D3590783-9E9A-43DA-BC4E-062E0924F30C}.Release|x64.Build.0 = Release|Any CPU
		{D3590783-9E9A-43DA-BC4E-062E0924F30C}.Release|x86.ActiveCfg = Release|Any CPU
		{D3590783-9E9A-43DA-BC4E-062E0924F30C}.Release|x86.Build.0 = Release|Any CPU
		{4A6AD432-5C18-44A6-922D-A8225A01DA33}.Debug|Any CPU.ActiveCfg = Debug|Any CPU
		{4A6AD432-5C18-44A6-922D-A8225A01DA33}.Debug|Any CPU.Build.0 = Debug|Any CPU
		{4A6AD432-5C18-44A6-922D-A8225A01DA33}.Debug|x64.ActiveCfg = Debug|Any CPU
		{4A6AD432-5C18-44A6-922D-A8225A01DA33}.Debug|x64.Build.0 = Debug|Any CPU
		{4A6AD432-5C18-44A6-922D-A8225A01DA33}.Debug|x86.ActiveCfg = Debug|Any CPU
		{4A6AD432-5C18-44A6-922D-A8225A01DA33}.Debug|x86.Build.0 = Debug|Any CPU
		{4A6AD432-5C18-44A6-922D-A8225A01DA33}.Release|Any CPU.ActiveCfg = Release|Any CPU
		{4A6AD432-5C18-44A6-922D-A8225A01DA33}.Release|Any CPU.Build.0 = Release|Any CPU
		{4A6AD432-5C18-44A6-922D-A8225A01DA33}.Release|x64.ActiveCfg = Release|Any CPU
		{4A6AD432-5C18-44A6-922D-A8225A01DA33}.Release|x64.Build.0 = Release|Any CPU
		{4A6AD432-5C18-44A6-922D-A8225A01DA33}.Release|x86.ActiveCfg = Release|Any CPU
		{4A6AD432-5C18-44A6-922D-A8225A01DA33}.Release|x86.Build.0 = Release|Any CPU
	EndGlobalSection
	GlobalSection(SolutionProperties) = preSolution
		HideSolutionNode = FALSE
	EndGlobalSection
	GlobalSection(NestedProjects) = preSolution
		{4B4EC2E0-335A-4F20-95B9-DB33F1AC7E15} = {758318C2-9E29-4956-F195-F7D9D03ECE3F}
		{65C3345A-6AE9-40C4-8D5A-407BFD4B30DB} = {F8910C08-19BA-4D10-1FC8-00788CA42873}
		{A82C4469-4846-4F01-9383-1DFFE59E8895} = {F8910C08-19BA-4D10-1FC8-00788CA42873}
		{FC4C7362-37AB-4AE2-B79D-D08CEA515BED} = {F8910C08-19BA-4D10-1FC8-00788CA42873}
		{6D91FE7B-2486-B764-563F-EFF227836FCC} = {30C29A91-99AA-0D6C-C94F-ED794BB2D0D2}
		{FF857EB5-A5E7-4A7E-ADA6-72BE49966247} = {6D91FE7B-2486-B764-563F-EFF227836FCC}
		{1638364C-BF39-46F7-91A1-04DFDB7022B9} = {6D91FE7B-2486-B764-563F-EFF227836FCC}
		{DB163BD3-5AFC-4DEE-920D-6A44E3B37918} = {6D91FE7B-2486-B764-563F-EFF227836FCC}
		{D3590783-9E9A-43DA-BC4E-062E0924F30C} = {6D91FE7B-2486-B764-563F-EFF227836FCC}
		{4A6AD432-5C18-44A6-922D-A8225A01DA33} = {6D91FE7B-2486-B764-563F-EFF227836FCC}
	EndGlobalSection
	GlobalSection(ExtensibilityGlobals) = postSolution
		SolutionGuid = {80FF58AD-9071-4F15-A26A-6D4922234A36}
	EndGlobalSection
EndGlobal
