
Microsoft Visual Studio Solution File, Format Version 12.00
# Visual Studio Version 17
VisualStudioVersion = 17.0.31903.59
MinimumVisualStudioVersion = 10.0.40219.1
Project("{2150E333-8FDC-42A3-9474-1A3956D46DE8}") = "test-control-apps", "test-control-apps", "{758318C2-9E29-4956-F195-F7D9D03ECE3F}"
EndProject
Project("{FAE04EC0-301F-11D3-BF4B-00C04F79EFBC}") = "TestControl.Cli", "test-control-apps\TestControl.Cli\TestControl.Cli.csproj", "{4B4EC2E0-335A-4F20-95B9-DB33F1AC7E15}"
EndProject
Project("{2150E333-8FDC-42A3-9474-1A3956D46DE8}") = "test-control-libs", "test-control-libs", "{F8910C08-19BA-4D10-1FC8-00788CA42873}"
EndProject
Project("{FAE04EC0-301F-11D3-BF4B-00C04F79EFBC}") = "TestControl.AppServices", "test-control-libs\TestControl.AppServices\TestControl.AppServices.csproj", "{65C3345A-6AE9-40C4-8D5A-407BFD4B30DB}"
EndProject
Project("{FAE04EC0-301F-11D3-BF4B-00C04F79EFBC}") = "TestControl.Infrastructure", "test-control-libs\TestControl.Infrastructure\TestControl.Infrastructure.csproj", "{A82C4469-4846-4F01-9383-1DFFE59E8895}"
EndProject
Project("{FAE04EC0-301F-11D3-BF4B-00C04F79EFBC}") = "TestControl.Infrastructure.Tests", "test-control-libs\TestControl.Infrastructure.Tests\TestControl.Infrastructure.Tests.csproj", "{FC4C7362-37AB-4AE2-B79D-D08CEA515BED}"
EndProject
Project("{2150E333-8FDC-42A3-9474-1A3956D46DE8}") = "test-subjects", "test-subjects", "{30C29A91-99AA-0D6C-C94F-ED794BB2D0D2}"
EndProject
Project("{2150E333-8FDC-42A3-9474-1A3956D46DE8}") = "alpha", "alpha", "{6D91FE7B-2486-B764-563F-EFF227836FCC}"
EndProject
Project("{FAE04EC0-301F-11D3-BF4B-00C04F79EFBC}") = "Alpha.Common", "test-subjects\alpha\Alpha.Common\Alpha.Common.csproj", "{CE119245-A241-1812-FCAE-97216C30EE2F}"
EndProject
Project("{FAE04EC0-301F-11D3-BF4B-00C04F79EFBC}") = "Alpha.Core", "test-subjects\alpha\Alpha.Core\Alpha.Core.csproj", "{488E046C-3781-F12F-ED7F-8EDFE8EA5BE2}"
EndProject
Project("{FAE04EC0-301F-11D3-BF4B-00C04F79EFBC}") = "Alpha.Repositories", "test-subjects\alpha\Alpha.Repositories\Alpha.Repositories.csproj", "{49E29638-3F18-9BCF-7615-0AF6E8B174B5}"
EndProject
Project("{FAE04EC0-301F-11D3-BF4B-00C04F79EFBC}") = "Test.Alpha", "test-subjects\alpha\Test.Alpha\Test.Alpha.csproj", "{00FB1E8B-C98B-F140-619F-78B0F32C666F}"
EndProject
Project("{FAE04EC0-301F-11D3-BF4B-00C04F79EFBC}") = "Test.Alpha.IntegrationTests", "test-subjects\alpha\Test.Alpha.IntegrationTests\Test.Alpha.IntegrationTests.csproj", "{B30E1CD9-36F7-EB9F-E032-069CF1B8D9DF}"
EndProject
Project("{2150E333-8FDC-42A3-9474-1A3956D46DE8}") = "beta", "beta", "{86494EA6-4EB6-8728-657F-097BE3748C2A}"
EndProject
Project("{FAE04EC0-301F-11D3-BF4B-00C04F79EFBC}") = "Beta.Common", "test-subjects\beta\Beta.Common\Beta.Common.csproj", "{E86C65B6-695E-438E-9E10-08A7B9A28A41}"
EndProject
Project("{FAE04EC0-301F-11D3-BF4B-00C04F79EFBC}") = "Beta.Core", "test-subjects\beta\Beta.Core\Beta.Core.csproj", "{3238EE03-4A4B-4458-9ECB-3D7FAE264D41}"
EndProject
Project("{FAE04EC0-301F-11D3-BF4B-00C04F79EFBC}") = "Beta.Repositories", "test-subjects\beta\Beta.Repositories\Beta.Repositories.csproj", "{DF3F5E77-99DB-425B-A900-CB2D09B8A5EC}"
EndProject
Project("{FAE04EC0-301F-11D3-BF4B-00C04F79EFBC}") = "Test.Beta", "test-subjects\beta\Test.Beta\Test.Beta.csproj", "{58D6BCC5-F674-4136-8B29-42BB60AE0665}"
EndProject
Project("{FAE04EC0-301F-11D3-BF4B-00C04F79EFBC}") = "Test.Beta.IntegrationTests", "test-subjects\beta\Test.Beta.IntegrationTests\Test.Beta.IntegrationTests.csproj", "{0A9A2F37-6D8A-497C-91C8-50C105DC11C2}"
EndProject
Global
	GlobalSection(SolutionConfigurationPlatforms) = preSolution
		Debug|Any CPU = Debug|Any CPU
		Debug|x64 = Debug|x64
		Debug|x86 = Debug|x86
		Release|Any CPU = Release|Any CPU
		Release|x64 = Release|x64
		Release|x86 = Release|x86
	EndGlobalSection
	GlobalSection(ProjectConfigurationPlatforms) = postSolution
		{4B4EC2E0-335A-4F20-95B9-DB33F1AC7E15}.Debug|Any CPU.ActiveCfg = Debug|Any CPU
		{4B4EC2E0-335A-4F20-95B9-DB33F1AC7E15}.Debug|Any CPU.Build.0 = Debug|Any CPU
		{4B4EC2E0-335A-4F20-95B9-DB33F1AC7E15}.Debug|x64.ActiveCfg = Debug|Any CPU
		{4B4EC2E0-335A-4F20-95B9-DB33F1AC7E15}.Debug|x64.Build.0 = Debug|Any CPU
		{4B4EC2E0-335A-4F20-95B9-DB33F1AC7E15}.Debug|x86.ActiveCfg = Debug|Any CPU
		{4B4EC2E0-335A-4F20-95B9-DB33F1AC7E15}.Debug|x86.Build.0 = Debug|Any CPU
		{4B4EC2E0-335A-4F20-95B9-DB33F1AC7E15}.Release|Any CPU.ActiveCfg = Release|Any CPU
		{4B4EC2E0-335A-4F20-95B9-DB33F1AC7E15}.Release|Any CPU.Build.0 = Release|Any CPU
		{4B4EC2E0-335A-4F20-95B9-DB33F1AC7E15}.Release|x64.ActiveCfg = Release|Any CPU
		{4B4EC2E0-335A-4F20-95B9-DB33F1AC7E15}.Release|x64.Build.0 = Release|Any CPU
		{4B4EC2E0-335A-4F20-95B9-DB33F1AC7E15}.Release|x86.ActiveCfg = Release|Any CPU
		{4B4EC2E0-335A-4F20-95B9-DB33F1AC7E15}.Release|x86.Build.0 = Release|Any CPU
		{65C3345A-6AE9-40C4-8D5A-407BFD4B30DB}.Debug|Any CPU.ActiveCfg = Debug|Any CPU
		{65C3345A-6AE9-40C4-8D5A-407BFD4B30DB}.Debug|Any CPU.Build.0 = Debug|Any CPU
		{65C3345A-6AE9-40C4-8D5A-407BFD4B30DB}.Debug|x64.ActiveCfg = Debug|Any CPU
		{65C3345A-6AE9-40C4-8D5A-407BFD4B30DB}.Debug|x64.Build.0 = Debug|Any CPU
		{65C3345A-6AE9-40C4-8D5A-407BFD4B30DB}.Debug|x86.ActiveCfg = Debug|Any CPU
		{65C3345A-6AE9-40C4-8D5A-407BFD4B30DB}.Debug|x86.Build.0 = Debug|Any CPU
		{65C3345A-6AE9-40C4-8D5A-407BFD4B30DB}.Release|Any CPU.ActiveCfg = Release|Any CPU
		{65C3345A-6AE9-40C4-8D5A-407BFD4B30DB}.Release|Any CPU.Build.0 = Release|Any CPU
		{65C3345A-6AE9-40C4-8D5A-407BFD4B30DB}.Release|x64.ActiveCfg = Release|Any CPU
		{65C3345A-6AE9-40C4-8D5A-407BFD4B30DB}.Release|x64.Build.0 = Release|Any CPU
		{65C3345A-6AE9-40C4-8D5A-407BFD4B30DB}.Release|x86.ActiveCfg = Release|Any CPU
		{65C3345A-6AE9-40C4-8D5A-407BFD4B30DB}.Release|x86.Build.0 = Release|Any CPU
		{A82C4469-4846-4F01-9383-1DFFE59E8895}.Debug|Any CPU.ActiveCfg = Debug|Any CPU
		{A82C4469-4846-4F01-9383-1DFFE59E8895}.Debug|Any CPU.Build.0 = Debug|Any CPU
		{A82C4469-4846-4F01-9383-1DFFE59E8895}.Debug|x64.ActiveCfg = Debug|Any CPU
		{A82C4469-4846-4F01-9383-1DFFE59E8895}.Debug|x64.Build.0 = Debug|Any CPU
		{A82C4469-4846-4F01-9383-1DFFE59E8895}.Debug|x86.ActiveCfg = Debug|Any CPU
		{A82C4469-4846-4F01-9383-1DFFE59E8895}.Debug|x86.Build.0 = Debug|Any CPU
		{A82C4469-4846-4F01-9383-1DFFE59E8895}.Release|Any CPU.ActiveCfg = Release|Any CPU
		{A82C4469-4846-4F01-9383-1DFFE59E8895}.Release|Any CPU.Build.0 = Release|Any CPU
		{A82C4469-4846-4F01-9383-1DFFE59E8895}.Release|x64.ActiveCfg = Release|Any CPU
		{A82C4469-4846-4F01-9383-1DFFE59E8895}.Release|x64.Build.0 = Release|Any CPU
		{A82C4469-4846-4F01-9383-1DFFE59E8895}.Release|x86.ActiveCfg = Release|Any CPU
		{A82C4469-4846-4F01-9383-1DFFE59E8895}.Release|x86.Build.0 = Release|Any CPU
		{FC4C7362-37AB-4AE2-B79D-D08CEA515BED}.Debug|Any CPU.ActiveCfg = Debug|Any CPU
		{FC4C7362-37AB-4AE2-B79D-D08CEA515BED}.Debug|Any CPU.Build.0 = Debug|Any CPU
		{FC4C7362-37AB-4AE2-B79D-D08CEA515BED}.Debug|x64.ActiveCfg = Debug|Any CPU
		{FC4C7362-37AB-4AE2-B79D-D08CEA515BED}.Debug|x64.Build.0 = Debug|Any CPU
		{FC4C7362-37AB-4AE2-B79D-D08CEA515BED}.Debug|x86.ActiveCfg = Debug|Any CPU
		{FC4C7362-37AB-4AE2-B79D-D08CEA515BED}.Debug|x86.Build.0 = Debug|Any CPU
		{FC4C7362-37AB-4AE2-B79D-D08CEA515BED}.Release|Any CPU.ActiveCfg = Release|Any CPU
		{FC4C7362-37AB-4AE2-B79D-D08CEA515BED}.Release|Any CPU.Build.0 = Release|Any CPU
		{FC4C7362-37AB-4AE2-B79D-D08CEA515BED}.Release|x64.ActiveCfg = Release|Any CPU
		{FC4C7362-37AB-4AE2-B79D-D08CEA515BED}.Release|x64.Build.0 = Release|Any CPU
		{FC4C7362-37AB-4AE2-B79D-D08CEA515BED}.Release|x86.ActiveCfg = Release|Any CPU
		{FC4C7362-37AB-4AE2-B79D-D08CEA515BED}.Release|x86.Build.0 = Release|Any CPU
		{CE119245-A241-1812-FCAE-97216C30EE2F}.Debug|Any CPU.ActiveCfg = Debug|Any CPU
		{CE119245-A241-1812-FCAE-97216C30EE2F}.Debug|Any CPU.Build.0 = Debug|Any CPU
		{CE119245-A241-1812-FCAE-97216C30EE2F}.Debug|x64.ActiveCfg = Debug|Any CPU
		{CE119245-A241-1812-FCAE-97216C30EE2F}.Debug|x64.Build.0 = Debug|Any CPU
		{CE119245-A241-1812-FCAE-97216C30EE2F}.Debug|x86.ActiveCfg = Debug|Any CPU
		{CE119245-A241-1812-FCAE-97216C30EE2F}.Debug|x86.Build.0 = Debug|Any CPU
		{CE119245-A241-1812-FCAE-97216C30EE2F}.Release|Any CPU.ActiveCfg = Release|Any CPU
		{CE119245-A241-1812-FCAE-97216C30EE2F}.Release|Any CPU.Build.0 = Release|Any CPU
		{CE119245-A241-1812-FCAE-97216C30EE2F}.Release|x64.ActiveCfg = Release|Any CPU
		{CE119245-A241-1812-FCAE-97216C30EE2F}.Release|x64.Build.0 = Release|Any CPU
		{CE119245-A241-1812-FCAE-97216C30EE2F}.Release|x86.ActiveCfg = Release|Any CPU
		{CE119245-A241-1812-FCAE-97216C30EE2F}.Release|x86.Build.0 = Release|Any CPU
		{488E046C-3781-F12F-ED7F-8EDFE8EA5BE2}.Debug|Any CPU.ActiveCfg = Debug|Any CPU
		{488E046C-3781-F12F-ED7F-8EDFE8EA5BE2}.Debug|Any CPU.Build.0 = Debug|Any CPU
		{488E046C-3781-F12F-ED7F-8EDFE8EA5BE2}.Debug|x64.ActiveCfg = Debug|Any CPU
		{488E046C-3781-F12F-ED7F-8EDFE8EA5BE2}.Debug|x64.Build.0 = Debug|Any CPU
		{488E046C-3781-F12F-ED7F-8EDFE8EA5BE2}.Debug|x86.ActiveCfg = Debug|Any CPU
		{488E046C-3781-F12F-ED7F-8EDFE8EA5BE2}.Debug|x86.Build.0 = Debug|Any CPU
		{488E046C-3781-F12F-ED7F-8EDFE8EA5BE2}.Release|Any CPU.ActiveCfg = Release|Any CPU
		{488E046C-3781-F12F-ED7F-8EDFE8EA5BE2}.Release|Any CPU.Build.0 = Release|Any CPU
		{488E046C-3781-F12F-ED7F-8EDFE8EA5BE2}.Release|x64.ActiveCfg = Release|Any CPU
		{488E046C-3781-F12F-ED7F-8EDFE8EA5BE2}.Release|x64.Build.0 = Release|Any CPU
		{488E046C-3781-F12F-ED7F-8EDFE8EA5BE2}.Release|x86.ActiveCfg = Release|Any CPU
		{488E046C-3781-F12F-ED7F-8EDFE8EA5BE2}.Release|x86.Build.0 = Release|Any CPU
		{49E29638-3F18-9BCF-7615-0AF6E8B174B5}.Debug|Any CPU.ActiveCfg = Debug|Any CPU
		{49E29638-3F18-9BCF-7615-0AF6E8B174B5}.Debug|Any CPU.Build.0 = Debug|Any CPU
		{49E29638-3F18-9BCF-7615-0AF6E8B174B5}.Debug|x64.ActiveCfg = Debug|Any CPU
		{49E29638-3F18-9BCF-7615-0AF6E8B174B5}.Debug|x64.Build.0 = Debug|Any CPU
		{49E29638-3F18-9BCF-7615-0AF6E8B174B5}.Debug|x86.ActiveCfg = Debug|Any CPU
		{49E29638-3F18-9BCF-7615-0AF6E8B174B5}.Debug|x86.Build.0 = Debug|Any CPU
		{49E29638-3F18-9BCF-7615-0AF6E8B174B5}.Release|Any CPU.ActiveCfg = Release|Any CPU
		{49E29638-3F18-9BCF-7615-0AF6E8B174B5}.Release|Any CPU.Build.0 = Release|Any CPU
		{49E29638-3F18-9BCF-7615-0AF6E8B174B5}.Release|x64.ActiveCfg = Release|Any CPU
		{49E29638-3F18-9BCF-7615-0AF6E8B174B5}.Release|x64.Build.0 = Release|Any CPU
		{49E29638-3F18-9BCF-7615-0AF6E8B174B5}.Release|x86.ActiveCfg = Release|Any CPU
		{49E29638-3F18-9BCF-7615-0AF6E8B174B5}.Release|x86.Build.0 = Release|Any CPU
		{00FB1E8B-C98B-F140-619F-78B0F32C666F}.Debug|Any CPU.ActiveCfg = Debug|Any CPU
		{00FB1E8B-C98B-F140-619F-78B0F32C666F}.Debug|Any CPU.Build.0 = Debug|Any CPU
		{00FB1E8B-C98B-F140-619F-78B0F32C666F}.Debug|x64.ActiveCfg = Debug|Any CPU
		{00FB1E8B-C98B-F140-619F-78B0F32C666F}.Debug|x64.Build.0 = Debug|Any CPU
		{00FB1E8B-C98B-F140-619F-78B0F32C666F}.Debug|x86.ActiveCfg = Debug|Any CPU
		{00FB1E8B-C98B-F140-619F-78B0F32C666F}.Debug|x86.Build.0 = Debug|Any CPU
		{00FB1E8B-C98B-F140-619F-78B0F32C666F}.Release|Any CPU.ActiveCfg = Release|Any CPU
		{00FB1E8B-C98B-F140-619F-78B0F32C666F}.Release|Any CPU.Build.0 = Release|Any CPU
		{00FB1E8B-C98B-F140-619F-78B0F32C666F}.Release|x64.ActiveCfg = Release|Any CPU
		{00FB1E8B-C98B-F140-619F-78B0F32C666F}.Release|x64.Build.0 = Release|Any CPU
		{00FB1E8B-C98B-F140-619F-78B0F32C666F}.Release|x86.ActiveCfg = Release|Any CPU
		{00FB1E8B-C98B-F140-619F-78B0F32C666F}.Release|x86.Build.0 = Release|Any CPU
		{B30E1CD9-36F7-EB9F-E032-069CF1B8D9DF}.Debug|Any CPU.ActiveCfg = Debug|Any CPU
		{B30E1CD9-36F7-EB9F-E032-069CF1B8D9DF}.Debug|Any CPU.Build.0 = Debug|Any CPU
		{B30E1CD9-36F7-EB9F-E032-069CF1B8D9DF}.Debug|x64.ActiveCfg = Debug|Any CPU
		{B30E1CD9-36F7-EB9F-E032-069CF1B8D9DF}.Debug|x64.Build.0 = Debug|Any CPU
		{B30E1CD9-36F7-EB9F-E032-069CF1B8D9DF}.Debug|x86.ActiveCfg = Debug|Any CPU
		{B30E1CD9-36F7-EB9F-E032-069CF1B8D9DF}.Debug|x86.Build.0 = Debug|Any CPU
		{B30E1CD9-36F7-EB9F-E032-069CF1B8D9DF}.Release|Any CPU.ActiveCfg = Release|Any CPU
		{B30E1CD9-36F7-EB9F-E032-069CF1B8D9DF}.Release|Any CPU.Build.0 = Release|Any CPU
		{B30E1CD9-36F7-EB9F-E032-069CF1B8D9DF}.Release|x64.ActiveCfg = Release|Any CPU
		{B30E1CD9-36F7-EB9F-E032-069CF1B8D9DF}.Release|x64.Build.0 = Release|Any CPU
		{B30E1CD9-36F7-EB9F-E032-069CF1B8D9DF}.Release|x86.ActiveCfg = Release|Any CPU
		{B30E1CD9-36F7-EB9F-E032-069CF1B8D9DF}.Release|x86.Build.0 = Release|Any CPU
		{E86C65B6-695E-438E-9E10-08A7B9A28A41}.Debug|Any CPU.ActiveCfg = Debug|Any CPU
		{E86C65B6-695E-438E-9E10-08A7B9A28A41}.Debug|Any CPU.Build.0 = Debug|Any CPU
		{E86C65B6-695E-438E-9E10-08A7B9A28A41}.Debug|x64.ActiveCfg = Debug|Any CPU
		{E86C65B6-695E-438E-9E10-08A7B9A28A41}.Debug|x64.Build.0 = Debug|Any CPU
		{E86C65B6-695E-438E-9E10-08A7B9A28A41}.Debug|x86.ActiveCfg = Debug|Any CPU
		{E86C65B6-695E-438E-9E10-08A7B9A28A41}.Debug|x86.Build.0 = Debug|Any CPU
		{E86C65B6-695E-438E-9E10-08A7B9A28A41}.Release|Any CPU.ActiveCfg = Release|Any CPU
		{E86C65B6-695E-438E-9E10-08A7B9A28A41}.Release|Any CPU.Build.0 = Release|Any CPU
		{E86C65B6-695E-438E-9E10-08A7B9A28A41}.Release|x64.ActiveCfg = Release|Any CPU
		{E86C65B6-695E-438E-9E10-08A7B9A28A41}.Release|x64.Build.0 = Release|Any CPU
		{E86C65B6-695E-438E-9E10-08A7B9A28A41}.Release|x86.ActiveCfg = Release|Any CPU
		{E86C65B6-695E-438E-9E10-08A7B9A28A41}.Release|x86.Build.0 = Release|Any CPU
		{3238EE03-4A4B-4458-9ECB-3D7FAE264D41}.Debug|Any CPU.ActiveCfg = Debug|Any CPU
		{3238EE03-4A4B-4458-9ECB-3D7FAE264D41}.Debug|Any CPU.Build.0 = Debug|Any CPU
		{3238EE03-4A4B-4458-9ECB-3D7FAE264D41}.Debug|x64.ActiveCfg = Debug|Any CPU
		{3238EE03-4A4B-4458-9ECB-3D7FAE264D41}.Debug|x64.Build.0 = Debug|Any CPU
		{3238EE03-4A4B-4458-9ECB-3D7FAE264D41}.Debug|x86.ActiveCfg = Debug|Any CPU
		{3238EE03-4A4B-4458-9ECB-3D7FAE264D41}.Debug|x86.Build.0 = Debug|Any CPU
		{3238EE03-4A4B-4458-9ECB-3D7FAE264D41}.Release|Any CPU.ActiveCfg = Release|Any CPU
		{3238EE03-4A4B-4458-9ECB-3D7FAE264D41}.Release|Any CPU.Build.0 = Release|Any CPU
		{3238EE03-4A4B-4458-9ECB-3D7FAE264D41}.Release|x64.ActiveCfg = Release|Any CPU
		{3238EE03-4A4B-4458-9ECB-3D7FAE264D41}.Release|x64.Build.0 = Release|Any CPU
		{3238EE03-4A4B-4458-9ECB-3D7FAE264D41}.Release|x86.ActiveCfg = Release|Any CPU
		{3238EE03-4A4B-4458-9ECB-3D7FAE264D41}.Release|x86.Build.0 = Release|Any CPU
		{DF3F5E77-99DB-425B-A900-CB2D09B8A5EC}.Debug|Any CPU.ActiveCfg = Debug|Any CPU
		{DF3F5E77-99DB-425B-A900-CB2D09B8A5EC}.Debug|Any CPU.Build.0 = Debug|Any CPU
		{DF3F5E77-99DB-425B-A900-CB2D09B8A5EC}.Debug|x64.ActiveCfg = Debug|Any CPU
		{DF3F5E77-99DB-425B-A900-CB2D09B8A5EC}.Debug|x64.Build.0 = Debug|Any CPU
		{DF3F5E77-99DB-425B-A900-CB2D09B8A5EC}.Debug|x86.ActiveCfg = Debug|Any CPU
		{DF3F5E77-99DB-425B-A900-CB2D09B8A5EC}.Debug|x86.Build.0 = Debug|Any CPU
		{DF3F5E77-99DB-425B-A900-CB2D09B8A5EC}.Release|Any CPU.ActiveCfg = Release|Any CPU
		{DF3F5E77-99DB-425B-A900-CB2D09B8A5EC}.Release|Any CPU.Build.0 = Release|Any CPU
		{DF3F5E77-99DB-425B-A900-CB2D09B8A5EC}.Release|x64.ActiveCfg = Release|Any CPU
		{DF3F5E77-99DB-425B-A900-CB2D09B8A5EC}.Release|x64.Build.0 = Release|Any CPU
		{DF3F5E77-99DB-425B-A900-CB2D09B8A5EC}.Release|x86.ActiveCfg = Release|Any CPU
		{DF3F5E77-99DB-425B-A900-CB2D09B8A5EC}.Release|x86.Build.0 = Release|Any CPU
		{58D6BCC5-F674-4136-8B29-42BB60AE0665}.Debug|Any CPU.ActiveCfg = Debug|Any CPU
		{58D6BCC5-F674-4136-8B29-42BB60AE0665}.Debug|Any CPU.Build.0 = Debug|Any CPU
		{58D6BCC5-F674-4136-8B29-42BB60AE0665}.Debug|x64.ActiveCfg = Debug|Any CPU
		{58D6BCC5-F674-4136-8B29-42BB60AE0665}.Debug|x64.Build.0 = Debug|Any CPU
		{58D6BCC5-F674-4136-8B29-42BB60AE0665}.Debug|x86.ActiveCfg = Debug|Any CPU
		{58D6BCC5-F674-4136-8B29-42BB60AE0665}.Debug|x86.Build.0 = Debug|Any CPU
		{58D6BCC5-F674-4136-8B29-42BB60AE0665}.Release|Any CPU.ActiveCfg = Release|Any CPU
		{58D6BCC5-F674-4136-8B29-42BB60AE0665}.Release|Any CPU.Build.0 = Release|Any CPU
		{58D6BCC5-F674-4136-8B29-42BB60AE0665}.Release|x64.ActiveCfg = Release|Any CPU
		{58D6BCC5-F674-4136-8B29-42BB60AE0665}.Release|x64.Build.0 = Release|Any CPU
		{58D6BCC5-F674-4136-8B29-42BB60AE0665}.Release|x86.ActiveCfg = Release|Any CPU
		{58D6BCC5-F674-4136-8B29-42BB60AE0665}.Release|x86.Build.0 = Release|Any CPU
		{0A9A2F37-6D8A-497C-91C8-50C105DC11C2}.Debug|Any CPU.ActiveCfg = Debug|Any CPU
		{0A9A2F37-6D8A-497C-91C8-50C105DC11C2}.Debug|Any CPU.Build.0 = Debug|Any CPU
		{0A9A2F37-6D8A-497C-91C8-50C105DC11C2}.Debug|x64.ActiveCfg = Debug|Any CPU
		{0A9A2F37-6D8A-497C-91C8-50C105DC11C2}.Debug|x64.Build.0 = Debug|Any CPU
		{0A9A2F37-6D8A-497C-91C8-50C105DC11C2}.Debug|x86.ActiveCfg = Debug|Any CPU
		{0A9A2F37-6D8A-497C-91C8-50C105DC11C2}.Debug|x86.Build.0 = Debug|Any CPU
		{0A9A2F37-6D8A-497C-91C8-50C105DC11C2}.Release|Any CPU.ActiveCfg = Release|Any CPU
		{0A9A2F37-6D8A-497C-91C8-50C105DC11C2}.Release|Any CPU.Build.0 = Release|Any CPU
		{0A9A2F37-6D8A-497C-91C8-50C105DC11C2}.Release|x64.ActiveCfg = Release|Any CPU
		{0A9A2F37-6D8A-497C-91C8-50C105DC11C2}.Release|x64.Build.0 = Release|Any CPU
		{0A9A2F37-6D8A-497C-91C8-50C105DC11C2}.Release|x86.ActiveCfg = Release|Any CPU
		{0A9A2F37-6D8A-497C-91C8-50C105DC11C2}.Release|x86.Build.0 = Release|Any CPU
	EndGlobalSection
	GlobalSection(SolutionProperties) = preSolution
		HideSolutionNode = FALSE
	EndGlobalSection
	GlobalSection(NestedProjects) = preSolution
		{4B4EC2E0-335A-4F20-95B9-DB33F1AC7E15} = {758318C2-9E29-4956-F195-F7D9D03ECE3F}
		{65C3345A-6AE9-40C4-8D5A-407BFD4B30DB} = {F8910C08-19BA-4D10-1FC8-00788CA42873}
		{A82C4469-4846-4F01-9383-1DFFE59E8895} = {F8910C08-19BA-4D10-1FC8-00788CA42873}
		{FC4C7362-37AB-4AE2-B79D-D08CEA515BED} = {F8910C08-19BA-4D10-1FC8-00788CA42873}
		{6D91FE7B-2486-B764-563F-EFF227836FCC} = {30C29A91-99AA-0D6C-C94F-ED794BB2D0D2}
		{CE119245-A241-1812-FCAE-97216C30EE2F} = {6D91FE7B-2486-B764-563F-EFF227836FCC}
		{488E046C-3781-F12F-ED7F-8EDFE8EA5BE2} = {6D91FE7B-2486-B764-563F-EFF227836FCC}
		{49E29638-3F18-9BCF-7615-0AF6E8B174B5} = {6D91FE7B-2486-B764-563F-EFF227836FCC}
		{00FB1E8B-C98B-F140-619F-78B0F32C666F} = {6D91FE7B-2486-B764-563F-EFF227836FCC}
		{B30E1CD9-36F7-EB9F-E032-069CF1B8D9DF} = {6D91FE7B-2486-B764-563F-EFF227836FCC}
		{86494EA6-4EB6-8728-657F-097BE3748C2A} = {30C29A91-99AA-0D6C-C94F-ED794BB2D0D2}
		{E86C65B6-695E-438E-9E10-08A7B9A28A41} = {86494EA6-4EB6-8728-657F-097BE3748C2A}
		{3238EE03-4A4B-4458-9ECB-3D7FAE264D41} = {86494EA6-4EB6-8728-657F-097BE3748C2A}
		{DF3F5E77-99DB-425B-A900-CB2D09B8A5EC} = {86494EA6-4EB6-8728-657F-097BE3748C2A}
		{58D6BCC5-F674-4136-8B29-42BB60AE0665} = {86494EA6-4EB6-8728-657F-097BE3748C2A}
		{0A9A2F37-6D8A-497C-91C8-50C105DC11C2} = {86494EA6-4EB6-8728-657F-097BE3748C2A}
	EndGlobalSection
	GlobalSection(ExtensibilityGlobals) = postSolution
		SolutionGuid = {80FF58AD-9071-4F15-A26A-6D4922234A36}
	EndGlobalSection
EndGlobal
