
Microsoft Visual Studio Solution File, Format Version 12.00
# Visual Studio Version 17
VisualStudioVersion = 17.0.31903.59
MinimumVisualStudioVersion = 10.0.40219.1
Project("{2150E333-8FDC-42A3-9474-1A3956D46DE8}") = "apps", "apps", "{1787FE1D-075E-9E68-7218-25F1BD1BBEAB}"
EndProject
Project("{FAE04EC0-301F-11D3-BF4B-00C04F79EFBC}") = "TestControl.Cli", "apps\TestControl.Cli\TestControl.Cli.csproj", "{5002C9C3-0368-4008-B583-A204A644B623}"
EndProject
Project("{2150E333-8FDC-42A3-9474-1A3956D46DE8}") = "hosts", "hosts", "{2F3EF1A3-B2B0-B28C-122D-FFB85167A4CE}"
EndProject
Project("{FAE04EC0-301F-11D3-BF4B-00C04F79EFBC}") = "Test.Alpha", "hosts\Test.Alpha\Test.Alpha.csproj", "{DB78A5AB-0FBB-45CA-85C2-E7553A4C6BCE}"
EndProject
Project("{2150E333-8FDC-42A3-9474-1A3956D46DE8}") = "libs", "libs", "{6C4D298B-81FB-2B6B-5AB6-46205EDDC72C}"
EndProject
Project("{FAE04EC0-301F-11D3-BF4B-00C04F79EFBC}") = "Alpha.Common", "libs\Alpha.Common\Alpha.Common.csproj", "{6787585F-D80B-42BF-9F3E-D8430C1A2963}"
EndProject
Project("{FAE04EC0-301F-11D3-BF4B-00C04F79EFBC}") = "Alpha.Core", "libs\Alpha.Core\Alpha.Core.csproj", "{64A086FD-6B99-45B8-B042-89B5E53D6A60}"
EndProject
Project("{FAE04EC0-301F-11D3-BF4B-00C04F79EFBC}") = "Alpha.Repositories", "libs\Alpha.Repositories\Alpha.Repositories.csproj", "{2D801A2E-9BAF-49B5-8E55-5D74FDF516F8}"
EndProject
Project("{FAE04EC0-301F-11D3-BF4B-00C04F79EFBC}") = "TestControl.AppServices", "libs\TestControl.AppServices\TestControl.AppServices.csproj", "{40BDD5D2-BC00-40A8-B257-609F6A95E558}"
EndProject
Project("{2150E333-8FDC-42A3-9474-1A3956D46DE8}") = "tests", "tests", "{0AB3BF05-4346-4AA6-1389-037BE0695223}"
EndProject
Project("{FAE04EC0-301F-11D3-BF4B-00C04F79EFBC}") = "TestControl.Infrastructure", "libs\TestControl.Infrastructure\TestControl.Infrastructure.csproj", "{5A684BEE-A329-499C-9C9D-1F8696994DEB}"
EndProject
Project("{FAE04EC0-301F-11D3-BF4B-00C04F79EFBC}") = "Test.Alpha.IntegrationTests", "tests\Test.Alpha.IntegrationTests\Test.Alpha.IntegrationTests.csproj", "{8474CB56-2728-4EF8-8635-2A326DD8BDBD}"
EndProject
Project("{FAE04EC0-301F-11D3-BF4B-00C04F79EFBC}") = "TestControl.Infrastructure.Tests", "tests\TestControl.Infrastructure.Tests\TestControl.Infrastructure.Tests.csproj", "{D2DFC635-9814-437B-A57A-6F7F2169D3EE}"
EndProject
Global
	GlobalSection(SolutionConfigurationPlatforms) = preSolution
		Debug|Any CPU = Debug|Any CPU
		Debug|x64 = Debug|x64
		Debug|x86 = Debug|x86
		Release|Any CPU = Release|Any CPU
		Release|x64 = Release|x64
		Release|x86 = Release|x86
	EndGlobalSection
	GlobalSection(ProjectConfigurationPlatforms) = postSolution
		{5002C9C3-0368-4008-B583-A204A644B623}.Debug|Any CPU.ActiveCfg = Debug|Any CPU
		{5002C9C3-0368-4008-B583-A204A644B623}.Debug|Any CPU.Build.0 = Debug|Any CPU
		{5002C9C3-0368-4008-B583-A204A644B623}.Debug|x64.ActiveCfg = Debug|Any CPU
		{5002C9C3-0368-4008-B583-A204A644B623}.Debug|x64.Build.0 = Debug|Any CPU
		{5002C9C3-0368-4008-B583-A204A644B623}.Debug|x86.ActiveCfg = Debug|Any CPU
		{5002C9C3-0368-4008-B583-A204A644B623}.Debug|x86.Build.0 = Debug|Any CPU
		{5002C9C3-0368-4008-B583-A204A644B623}.Release|Any CPU.ActiveCfg = Release|Any CPU
		{5002C9C3-0368-4008-B583-A204A644B623}.Release|Any CPU.Build.0 = Release|Any CPU
		{5002C9C3-0368-4008-B583-A204A644B623}.Release|x64.ActiveCfg = Release|Any CPU
		{5002C9C3-0368-4008-B583-A204A644B623}.Release|x64.Build.0 = Release|Any CPU
		{5002C9C3-0368-4008-B583-A204A644B623}.Release|x86.ActiveCfg = Release|Any CPU
		{5002C9C3-0368-4008-B583-A204A644B623}.Release|x86.Build.0 = Release|Any CPU
		{DB78A5AB-0FBB-45CA-85C2-E7553A4C6BCE}.Debug|Any CPU.ActiveCfg = Debug|Any CPU
		{DB78A5AB-0FBB-45CA-85C2-E7553A4C6BCE}.Debug|Any CPU.Build.0 = Debug|Any CPU
		{DB78A5AB-0FBB-45CA-85C2-E7553A4C6BCE}.Debug|x64.ActiveCfg = Debug|Any CPU
		{DB78A5AB-0FBB-45CA-85C2-E7553A4C6BCE}.Debug|x64.Build.0 = Debug|Any CPU
		{DB78A5AB-0FBB-45CA-85C2-E7553A4C6BCE}.Debug|x86.ActiveCfg = Debug|Any CPU
		{DB78A5AB-0FBB-45CA-85C2-E7553A4C6BCE}.Debug|x86.Build.0 = Debug|Any CPU
		{DB78A5AB-0FBB-45CA-85C2-E7553A4C6BCE}.Release|Any CPU.ActiveCfg = Release|Any CPU
		{DB78A5AB-0FBB-45CA-85C2-E7553A4C6BCE}.Release|Any CPU.Build.0 = Release|Any CPU
		{DB78A5AB-0FBB-45CA-85C2-E7553A4C6BCE}.Release|x64.ActiveCfg = Release|Any CPU
		{DB78A5AB-0FBB-45CA-85C2-E7553A4C6BCE}.Release|x64.Build.0 = Release|Any CPU
		{DB78A5AB-0FBB-45CA-85C2-E7553A4C6BCE}.Release|x86.ActiveCfg = Release|Any CPU
		{DB78A5AB-0FBB-45CA-85C2-E7553A4C6BCE}.Release|x86.Build.0 = Release|Any CPU
		{6787585F-D80B-42BF-9F3E-D8430C1A2963}.Debug|Any CPU.ActiveCfg = Debug|Any CPU
		{6787585F-D80B-42BF-9F3E-D8430C1A2963}.Debug|Any CPU.Build.0 = Debug|Any CPU
		{6787585F-D80B-42BF-9F3E-D8430C1A2963}.Debug|x64.ActiveCfg = Debug|Any CPU
		{6787585F-D80B-42BF-9F3E-D8430C1A2963}.Debug|x64.Build.0 = Debug|Any CPU
		{6787585F-D80B-42BF-9F3E-D8430C1A2963}.Debug|x86.ActiveCfg = Debug|Any CPU
		{6787585F-D80B-42BF-9F3E-D8430C1A2963}.Debug|x86.Build.0 = Debug|Any CPU
		{6787585F-D80B-42BF-9F3E-D8430C1A2963}.Release|Any CPU.ActiveCfg = Release|Any CPU
		{6787585F-D80B-42BF-9F3E-D8430C1A2963}.Release|Any CPU.Build.0 = Release|Any CPU
		{6787585F-D80B-42BF-9F3E-D8430C1A2963}.Release|x64.ActiveCfg = Release|Any CPU
		{6787585F-D80B-42BF-9F3E-D8430C1A2963}.Release|x64.Build.0 = Release|Any CPU
		{6787585F-D80B-42BF-9F3E-D8430C1A2963}.Release|x86.ActiveCfg = Release|Any CPU
		{6787585F-D80B-42BF-9F3E-D8430C1A2963}.Release|x86.Build.0 = Release|Any CPU
		{64A086FD-6B99-45B8-B042-89B5E53D6A60}.Debug|Any CPU.ActiveCfg = Debug|Any CPU
		{64A086FD-6B99-45B8-B042-89B5E53D6A60}.Debug|Any CPU.Build.0 = Debug|Any CPU
		{64A086FD-6B99-45B8-B042-89B5E53D6A60}.Debug|x64.ActiveCfg = Debug|Any CPU
		{64A086FD-6B99-45B8-B042-89B5E53D6A60}.Debug|x64.Build.0 = Debug|Any CPU
		{64A086FD-6B99-45B8-B042-89B5E53D6A60}.Debug|x86.ActiveCfg = Debug|Any CPU
		{64A086FD-6B99-45B8-B042-89B5E53D6A60}.Debug|x86.Build.0 = Debug|Any CPU
		{64A086FD-6B99-45B8-B042-89B5E53D6A60}.Release|Any CPU.ActiveCfg = Release|Any CPU
		{64A086FD-6B99-45B8-B042-89B5E53D6A60}.Release|Any CPU.Build.0 = Release|Any CPU
		{64A086FD-6B99-45B8-B042-89B5E53D6A60}.Release|x64.ActiveCfg = Release|Any CPU
		{64A086FD-6B99-45B8-B042-89B5E53D6A60}.Release|x64.Build.0 = Release|Any CPU
		{64A086FD-6B99-45B8-B042-89B5E53D6A60}.Release|x86.ActiveCfg = Release|Any CPU
		{64A086FD-6B99-45B8-B042-89B5E53D6A60}.Release|x86.Build.0 = Release|Any CPU
		{2D801A2E-9BAF-49B5-8E55-5D74FDF516F8}.Debug|Any CPU.ActiveCfg = Debug|Any CPU
		{2D801A2E-9BAF-49B5-8E55-5D74FDF516F8}.Debug|Any CPU.Build.0 = Debug|Any CPU
		{2D801A2E-9BAF-49B5-8E55-5D74FDF516F8}.Debug|x64.ActiveCfg = Debug|Any CPU
		{2D801A2E-9BAF-49B5-8E55-5D74FDF516F8}.Debug|x64.Build.0 = Debug|Any CPU
		{2D801A2E-9BAF-49B5-8E55-5D74FDF516F8}.Debug|x86.ActiveCfg = Debug|Any CPU
		{2D801A2E-9BAF-49B5-8E55-5D74FDF516F8}.Debug|x86.Build.0 = Debug|Any CPU
		{2D801A2E-9BAF-49B5-8E55-5D74FDF516F8}.Release|Any CPU.ActiveCfg = Release|Any CPU
		{2D801A2E-9BAF-49B5-8E55-5D74FDF516F8}.Release|Any CPU.Build.0 = Release|Any CPU
		{2D801A2E-9BAF-49B5-8E55-5D74FDF516F8}.Release|x64.ActiveCfg = Release|Any CPU
		{2D801A2E-9BAF-49B5-8E55-5D74FDF516F8}.Release|x64.Build.0 = Release|Any CPU
		{2D801A2E-9BAF-49B5-8E55-5D74FDF516F8}.Release|x86.ActiveCfg = Release|Any CPU
		{2D801A2E-9BAF-49B5-8E55-5D74FDF516F8}.Release|x86.Build.0 = Release|Any CPU
		{40BDD5D2-BC00-40A8-B257-609F6A95E558}.Debug|Any CPU.ActiveCfg = Debug|Any CPU
		{40BDD5D2-BC00-40A8-B257-609F6A95E558}.Debug|Any CPU.Build.0 = Debug|Any CPU
		{40BDD5D2-BC00-40A8-B257-609F6A95E558}.Debug|x64.ActiveCfg = Debug|Any CPU
		{40BDD5D2-BC00-40A8-B257-609F6A95E558}.Debug|x64.Build.0 = Debug|Any CPU
		{40BDD5D2-BC00-40A8-B257-609F6A95E558}.Debug|x86.ActiveCfg = Debug|Any CPU
		{40BDD5D2-BC00-40A8-B257-609F6A95E558}.Debug|x86.Build.0 = Debug|Any CPU
		{40BDD5D2-BC00-40A8-B257-609F6A95E558}.Release|Any CPU.ActiveCfg = Release|Any CPU
		{40BDD5D2-BC00-40A8-B257-609F6A95E558}.Release|Any CPU.Build.0 = Release|Any CPU
		{40BDD5D2-BC00-40A8-B257-609F6A95E558}.Release|x64.ActiveCfg = Release|Any CPU
		{40BDD5D2-BC00-40A8-B257-609F6A95E558}.Release|x64.Build.0 = Release|Any CPU
		{40BDD5D2-BC00-40A8-B257-609F6A95E558}.Release|x86.ActiveCfg = Release|Any CPU
		{40BDD5D2-BC00-40A8-B257-609F6A95E558}.Release|x86.Build.0 = Release|Any CPU
		{5A684BEE-A329-499C-9C9D-1F8696994DEB}.Debug|Any CPU.ActiveCfg = Debug|Any CPU
		{5A684BEE-A329-499C-9C9D-1F8696994DEB}.Debug|Any CPU.Build.0 = Debug|Any CPU
		{5A684BEE-A329-499C-9C9D-1F8696994DEB}.Debug|x64.ActiveCfg = Debug|Any CPU
		{5A684BEE-A329-499C-9C9D-1F8696994DEB}.Debug|x64.Build.0 = Debug|Any CPU
		{5A684BEE-A329-499C-9C9D-1F8696994DEB}.Debug|x86.ActiveCfg = Debug|Any CPU
		{5A684BEE-A329-499C-9C9D-1F8696994DEB}.Debug|x86.Build.0 = Debug|Any CPU
		{5A684BEE-A329-499C-9C9D-1F8696994DEB}.Release|Any CPU.ActiveCfg = Release|Any CPU
		{5A684BEE-A329-499C-9C9D-1F8696994DEB}.Release|Any CPU.Build.0 = Release|Any CPU
		{5A684BEE-A329-499C-9C9D-1F8696994DEB}.Release|x64.ActiveCfg = Release|Any CPU
		{5A684BEE-A329-499C-9C9D-1F8696994DEB}.Release|x64.Build.0 = Release|Any CPU
		{5A684BEE-A329-499C-9C9D-1F8696994DEB}.Release|x86.ActiveCfg = Release|Any CPU
		{5A684BEE-A329-499C-9C9D-1F8696994DEB}.Release|x86.Build.0 = Release|Any CPU
		{8474CB56-2728-4EF8-8635-2A326DD8BDBD}.Debug|Any CPU.ActiveCfg = Debug|Any CPU
		{8474CB56-2728-4EF8-8635-2A326DD8BDBD}.Debug|Any CPU.Build.0 = Debug|Any CPU
		{8474CB56-2728-4EF8-8635-2A326DD8BDBD}.Debug|x64.ActiveCfg = Debug|Any CPU
		{8474CB56-2728-4EF8-8635-2A326DD8BDBD}.Debug|x64.Build.0 = Debug|Any CPU
		{8474CB56-2728-4EF8-8635-2A326DD8BDBD}.Debug|x86.ActiveCfg = Debug|Any CPU
		{8474CB56-2728-4EF8-8635-2A326DD8BDBD}.Debug|x86.Build.0 = Debug|Any CPU
		{8474CB56-2728-4EF8-8635-2A326DD8BDBD}.Release|Any CPU.ActiveCfg = Release|Any CPU
		{8474CB56-2728-4EF8-8635-2A326DD8BDBD}.Release|Any CPU.Build.0 = Release|Any CPU
		{8474CB56-2728-4EF8-8635-2A326DD8BDBD}.Release|x64.ActiveCfg = Release|Any CPU
		{8474CB56-2728-4EF8-8635-2A326DD8BDBD}.Release|x64.Build.0 = Release|Any CPU
		{8474CB56-2728-4EF8-8635-2A326DD8BDBD}.Release|x86.ActiveCfg = Release|Any CPU
		{8474CB56-2728-4EF8-8635-2A326DD8BDBD}.Release|x86.Build.0 = Release|Any CPU
		{D2DFC635-9814-437B-A57A-6F7F2169D3EE}.Debug|Any CPU.ActiveCfg = Debug|Any CPU
		{D2DFC635-9814-437B-A57A-6F7F2169D3EE}.Debug|Any CPU.Build.0 = Debug|Any CPU
		{D2DFC635-9814-437B-A57A-6F7F2169D3EE}.Debug|x64.ActiveCfg = Debug|Any CPU
		{D2DFC635-9814-437B-A57A-6F7F2169D3EE}.Debug|x64.Build.0 = Debug|Any CPU
		{D2DFC635-9814-437B-A57A-6F7F2169D3EE}.Debug|x86.ActiveCfg = Debug|Any CPU
		{D2DFC635-9814-437B-A57A-6F7F2169D3EE}.Debug|x86.Build.0 = Debug|Any CPU
		{D2DFC635-9814-437B-A57A-6F7F2169D3EE}.Release|Any CPU.ActiveCfg = Release|Any CPU
		{D2DFC635-9814-437B-A57A-6F7F2169D3EE}.Release|Any CPU.Build.0 = Release|Any CPU
		{D2DFC635-9814-437B-A57A-6F7F2169D3EE}.Release|x64.ActiveCfg = Release|Any CPU
		{D2DFC635-9814-437B-A57A-6F7F2169D3EE}.Release|x64.Build.0 = Release|Any CPU
		{D2DFC635-9814-437B-A57A-6F7F2169D3EE}.Release|x86.ActiveCfg = Release|Any CPU
		{D2DFC635-9814-437B-A57A-6F7F2169D3EE}.Release|x86.Build.0 = Release|Any CPU
	EndGlobalSection
	GlobalSection(SolutionProperties) = preSolution
		HideSolutionNode = FALSE
	EndGlobalSection
	GlobalSection(NestedProjects) = preSolution
		{5002C9C3-0368-4008-B583-A204A644B623} = {1787FE1D-075E-9E68-7218-25F1BD1BBEAB}
		{DB78A5AB-0FBB-45CA-85C2-E7553A4C6BCE} = {2F3EF1A3-B2B0-B28C-122D-FFB85167A4CE}
		{6787585F-D80B-42BF-9F3E-D8430C1A2963} = {6C4D298B-81FB-2B6B-5AB6-46205EDDC72C}
		{64A086FD-6B99-45B8-B042-89B5E53D6A60} = {6C4D298B-81FB-2B6B-5AB6-46205EDDC72C}
		{2D801A2E-9BAF-49B5-8E55-5D74FDF516F8} = {6C4D298B-81FB-2B6B-5AB6-46205EDDC72C}
		{40BDD5D2-BC00-40A8-B257-609F6A95E558} = {6C4D298B-81FB-2B6B-5AB6-46205EDDC72C}
		{5A684BEE-A329-499C-9C9D-1F8696994DEB} = {6C4D298B-81FB-2B6B-5AB6-46205EDDC72C}
		{8474CB56-2728-4EF8-8635-2A326DD8BDBD} = {0AB3BF05-4346-4AA6-1389-037BE0695223}
		{D2DFC635-9814-437B-A57A-6F7F2169D3EE} = {0AB3BF05-4346-4AA6-1389-037BE0695223}
	EndGlobalSection
	GlobalSection(ExtensibilityGlobals) = postSolution
		SolutionGuid = {80FF58AD-9071-4F15-A26A-6D4922234A36}
	EndGlobalSection
EndGlobal
